// !$*UTF8*$!
{
	archiveVersion = 1;
	classes = {
	};
	objectVersion = 50;
	objects = {

/* Begin PBXBuildFile section */
		D0147B6E224874D3006C0BE6 /* SignIn.swift in Sources */ = {isa = PBXBuildFile; fileRef = D0147B6D224874D3006C0BE6 /* SignIn.swift */; };
		D01BC4C42228BF9B00E7FD6B /* Login.swift in Sources */ = {isa = PBXBuildFile; fileRef = D01BC4C32228BF9B00E7FD6B /* Login.swift */; };
		D0365453220D0B3D0070269C /* AppDelegate.swift in Sources */ = {isa = PBXBuildFile; fileRef = D0365452220D0B3D0070269C /* AppDelegate.swift */; };
		D0365455220D0B3D0070269C /* ViewController.swift in Sources */ = {isa = PBXBuildFile; fileRef = D0365454220D0B3D0070269C /* ViewController.swift */; };
		D0365458220D0B3D0070269C /* Main.storyboard in Resources */ = {isa = PBXBuildFile; fileRef = D0365456220D0B3D0070269C /* Main.storyboard */; };
		D036545A220D0B3D0070269C /* Assets.xcassets in Resources */ = {isa = PBXBuildFile; fileRef = D0365459220D0B3D0070269C /* Assets.xcassets */; };
		D036545D220D0B3D0070269C /* LaunchScreen.storyboard in Resources */ = {isa = PBXBuildFile; fileRef = D036545B220D0B3D0070269C /* LaunchScreen.storyboard */; };
		D05750A92260051A00646A60 /* CollectionViewController.swift in Sources */ = {isa = PBXBuildFile; fileRef = D05750A82260051A00646A60 /* CollectionViewController.swift */; };
		D05750AB22600C8F00646A60 /* CollectionViewSampleController.swift in Sources */ = {isa = PBXBuildFile; fileRef = D05750AA22600C8F00646A60 /* CollectionViewSampleController.swift */; };
		D05750AF2260172400646A60 /* Extensiones.swift in Sources */ = {isa = PBXBuildFile; fileRef = D05750AE2260172400646A60 /* Extensiones.swift */; };
		D0BE06F62239F15E00115EB1 /* Usuario.swift in Sources */ = {isa = PBXBuildFile; fileRef = D0BE06F52239F15E00115EB1 /* Usuario.swift */; };
		D0F3F1D2223202020061F3D6 /* Correo.swift in Sources */ = {isa = PBXBuildFile; fileRef = D0F3F1D1223202020061F3D6 /* Correo.swift */; };
		D0F3F1D4223209160061F3D6 /* Contraseña.swift in Sources */ = {isa = PBXBuildFile; fileRef = D0F3F1D3223209160061F3D6 /* Contraseña.swift */; };
		D0F41333220D1F970043F950 /* GoogleService-Info.plist in Resources */ = {isa = PBXBuildFile; fileRef = D0F41332220D1F970043F950 /* GoogleService-Info.plist */; };
		DC9BB31E6A90B09C1B354F3B /* Pods_Pinterest.framework in Frameworks */ = {isa = PBXBuildFile; fileRef = 912CCB5C2594B63E8A7B6BD7 /* Pods_Pinterest.framework */; };
/* End PBXBuildFile section */

/* Begin PBXFileReference section */
		556B9FC7582EF88210DD194F /* Pods-Pinterest.release.xcconfig */ = {isa = PBXFileReference; includeInIndex = 1; lastKnownFileType = text.xcconfig; name = "Pods-Pinterest.release.xcconfig"; path = "Target Support Files/Pods-Pinterest/Pods-Pinterest.release.xcconfig"; sourceTree = "<group>"; };
		912CCB5C2594B63E8A7B6BD7 /* Pods_Pinterest.framework */ = {isa = PBXFileReference; explicitFileType = wrapper.framework; includeInIndex = 0; path = Pods_Pinterest.framework; sourceTree = BUILT_PRODUCTS_DIR; };
		BB17EB352B3F53B83DE2E17D /* Pods-Pinterest.debug.xcconfig */ = {isa = PBXFileReference; includeInIndex = 1; lastKnownFileType = text.xcconfig; name = "Pods-Pinterest.debug.xcconfig"; path = "Target Support Files/Pods-Pinterest/Pods-Pinterest.debug.xcconfig"; sourceTree = "<group>"; };
		D0147B6D224874D3006C0BE6 /* SignIn.swift */ = {isa = PBXFileReference; lastKnownFileType = sourcecode.swift; path = SignIn.swift; sourceTree = "<group>"; };
		D01BC4C32228BF9B00E7FD6B /* Login.swift */ = {isa = PBXFileReference; lastKnownFileType = sourcecode.swift; path = Login.swift; sourceTree = "<group>"; };
		D036544F220D0B3C0070269C /* Pinterest.app */ = {isa = PBXFileReference; explicitFileType = wrapper.application; includeInIndex = 0; path = Pinterest.app; sourceTree = BUILT_PRODUCTS_DIR; };
		D0365452220D0B3D0070269C /* AppDelegate.swift */ = {isa = PBXFileReference; lastKnownFileType = sourcecode.swift; path = AppDelegate.swift; sourceTree = "<group>"; };
		D0365454220D0B3D0070269C /* ViewController.swift */ = {isa = PBXFileReference; lastKnownFileType = sourcecode.swift; path = ViewController.swift; sourceTree = "<group>"; };
		D0365457220D0B3D0070269C /* Base */ = {isa = PBXFileReference; lastKnownFileType = file.storyboard; name = Base; path = Base.lproj/Main.storyboard; sourceTree = "<group>"; };
		D0365459220D0B3D0070269C /* Assets.xcassets */ = {isa = PBXFileReference; lastKnownFileType = folder.assetcatalog; path = Assets.xcassets; sourceTree = "<group>"; };
		D036545C220D0B3D0070269C /* Base */ = {isa = PBXFileReference; lastKnownFileType = file.storyboard; name = Base; path = Base.lproj/LaunchScreen.storyboard; sourceTree = "<group>"; };
		D036545E220D0B3D0070269C /* Info.plist */ = {isa = PBXFileReference; lastKnownFileType = text.plist.xml; path = Info.plist; sourceTree = "<group>"; };
		D05750A82260051A00646A60 /* CollectionViewController.swift */ = {isa = PBXFileReference; lastKnownFileType = sourcecode.swift; path = CollectionViewController.swift; sourceTree = "<group>"; };
		D05750AA22600C8F00646A60 /* CollectionViewSampleController.swift */ = {isa = PBXFileReference; lastKnownFileType = sourcecode.swift; path = CollectionViewSampleController.swift; sourceTree = "<group>"; };
		D05750AE2260172400646A60 /* Extensiones.swift */ = {isa = PBXFileReference; lastKnownFileType = sourcecode.swift; path = Extensiones.swift; sourceTree = "<group>"; };
		D0BE06F52239F15E00115EB1 /* Usuario.swift */ = {isa = PBXFileReference; lastKnownFileType = sourcecode.swift; path = Usuario.swift; sourceTree = "<group>"; };
		D0F3F1D1223202020061F3D6 /* Correo.swift */ = {isa = PBXFileReference; lastKnownFileType = sourcecode.swift; path = Correo.swift; sourceTree = "<group>"; };
		D0F3F1D3223209160061F3D6 /* Contraseña.swift */ = {isa = PBXFileReference; lastKnownFileType = sourcecode.swift; path = "Contraseña.swift"; sourceTree = "<group>"; };
		D0F41332220D1F970043F950 /* GoogleService-Info.plist */ = {isa = PBXFileReference; fileEncoding = 4; lastKnownFileType = text.plist.xml; name = "GoogleService-Info.plist"; path = "../../../Downloads/GoogleService-Info.plist"; sourceTree = "<group>"; };
/* End PBXFileReference section */

/* Begin PBXFrameworksBuildPhase section */
		D036544C220D0B3C0070269C /* Frameworks */ = {
			isa = PBXFrameworksBuildPhase;
			buildActionMask = 2147483647;
			files = (
				DC9BB31E6A90B09C1B354F3B /* Pods_Pinterest.framework in Frameworks */,
			);
			runOnlyForDeploymentPostprocessing = 0;
		};
/* End PBXFrameworksBuildPhase section */

/* Begin PBXGroup section */
		8AEF57F0E243F9762DC94725 /* Frameworks */ = {
			isa = PBXGroup;
			children = (
				912CCB5C2594B63E8A7B6BD7 /* Pods_Pinterest.framework */,
			);
			name = Frameworks;
			sourceTree = "<group>";
		};
		D0365446220D0B3C0070269C = {
			isa = PBXGroup;
			children = (
				D0365451220D0B3C0070269C /* Pinterest */,
				D0365450220D0B3C0070269C /* Products */,
				ED23FCEC68D784DB92557172 /* Pods */,
				8AEF57F0E243F9762DC94725 /* Frameworks */,
			);
			sourceTree = "<group>";
		};
		D0365450220D0B3C0070269C /* Products */ = {
			isa = PBXGroup;
			children = (
				D036544F220D0B3C0070269C /* Pinterest.app */,
			);
			name = Products;
			sourceTree = "<group>";
		};
		D0365451220D0B3C0070269C /* Pinterest */ = {
			isa = PBXGroup;
			children = (
				D05750AD2260171300646A60 /* extensiones */,
				D0365452220D0B3D0070269C /* AppDelegate.swift */,
				D0365454220D0B3D0070269C /* ViewController.swift */,
				D0365456220D0B3D0070269C /* Main.storyboard */,
				D0365459220D0B3D0070269C /* Assets.xcassets */,
				D036545B220D0B3D0070269C /* LaunchScreen.storyboard */,
				D036545E220D0B3D0070269C /* Info.plist */,
				D0F41332220D1F970043F950 /* GoogleService-Info.plist */,
				D01BC4C32228BF9B00E7FD6B /* Login.swift */,
				D0F3F1D1223202020061F3D6 /* Correo.swift */,
				D0F3F1D3223209160061F3D6 /* Contraseña.swift */,
				D0BE06F52239F15E00115EB1 /* Usuario.swift */,
				D0147B6D224874D3006C0BE6 /* SignIn.swift */,
				D05750A82260051A00646A60 /* CollectionViewController.swift */,
				D05750AA22600C8F00646A60 /* CollectionViewSampleController.swift */,
			);
			path = Pinterest;
			sourceTree = "<group>";
		};
		D05750AD2260171300646A60 /* extensiones */ = {
			isa = PBXGroup;
			children = (
				D05750AE2260172400646A60 /* Extensiones.swift */,
			);
			path = extensiones;
			sourceTree = "<group>";
		};
		ED23FCEC68D784DB92557172 /* Pods */ = {
			isa = PBXGroup;
			children = (
				BB17EB352B3F53B83DE2E17D /* Pods-Pinterest.debug.xcconfig */,
				556B9FC7582EF88210DD194F /* Pods-Pinterest.release.xcconfig */,
			);
			path = Pods;
			sourceTree = "<group>";
		};
/* End PBXGroup section */

/* Begin PBXNativeTarget section */
		D036544E220D0B3C0070269C /* Pinterest */ = {
			isa = PBXNativeTarget;
			buildConfigurationList = D0365461220D0B3D0070269C /* Build configuration list for PBXNativeTarget "Pinterest" */;
			buildPhases = (
				B199E756A93F741681A08040 /* [CP] Check Pods Manifest.lock */,
				D036544B220D0B3C0070269C /* Sources */,
				D036544C220D0B3C0070269C /* Frameworks */,
				D036544D220D0B3C0070269C /* Resources */,
				0859E98A6C7F1DDF8BB530C9 /* [CP] Embed Pods Frameworks */,
			);
			buildRules = (
			);
			dependencies = (
			);
			name = Pinterest;
			productName = Pinterest;
			productReference = D036544F220D0B3C0070269C /* Pinterest.app */;
			productType = "com.apple.product-type.application";
		};
/* End PBXNativeTarget section */

/* Begin PBXProject section */
		D0365447220D0B3C0070269C /* Project object */ = {
			isa = PBXProject;
			attributes = {
				LastSwiftUpdateCheck = 1010;
				LastUpgradeCheck = 1010;
				ORGANIZATIONNAME = "Alejandro Loza";
				TargetAttributes = {
					D036544E220D0B3C0070269C = {
						CreatedOnToolsVersion = 10.1;
					};
				};
			};
			buildConfigurationList = D036544A220D0B3C0070269C /* Build configuration list for PBXProject "Pinterest" */;
			compatibilityVersion = "Xcode 9.3";
			developmentRegion = en;
			hasScannedForEncodings = 0;
			knownRegions = (
				en,
				Base,
			);
			mainGroup = D0365446220D0B3C0070269C;
			productRefGroup = D0365450220D0B3C0070269C /* Products */;
			projectDirPath = "";
			projectRoot = "";
			targets = (
				D036544E220D0B3C0070269C /* Pinterest */,
			);
		};
/* End PBXProject section */

/* Begin PBXResourcesBuildPhase section */
		D036544D220D0B3C0070269C /* Resources */ = {
			isa = PBXResourcesBuildPhase;
			buildActionMask = 2147483647;
			files = (
				D036545D220D0B3D0070269C /* LaunchScreen.storyboard in Resources */,
				D0F41333220D1F970043F950 /* GoogleService-Info.plist in Resources */,
				D036545A220D0B3D0070269C /* Assets.xcassets in Resources */,
				D0365458220D0B3D0070269C /* Main.storyboard in Resources */,
			);
			runOnlyForDeploymentPostprocessing = 0;
		};
/* End PBXResourcesBuildPhase section */

/* Begin PBXShellScriptBuildPhase section */
		0859E98A6C7F1DDF8BB530C9 /* [CP] Embed Pods Frameworks */ = {
			isa = PBXShellScriptBuildPhase;
			buildActionMask = 2147483647;
			files = (
			);
			inputFileListPaths = (
			);
			inputPaths = (
				"${PODS_ROOT}/Target Support Files/Pods-Pinterest/Pods-Pinterest-frameworks.sh",
				"${BUILT_PRODUCTS_DIR}/GTMSessionFetcher/GTMSessionFetcher.framework",
				"${BUILT_PRODUCTS_DIR}/GoogleUtilities/GoogleUtilities.framework",
				"${BUILT_PRODUCTS_DIR}/leveldb-library/leveldb.framework",
				"${BUILT_PRODUCTS_DIR}/nanopb/nanopb.framework",
			);
			name = "[CP] Embed Pods Frameworks";
			outputFileListPaths = (
			);
			outputPaths = (
				"${TARGET_BUILD_DIR}/${FRAMEWORKS_FOLDER_PATH}/GTMSessionFetcher.framework",
				"${TARGET_BUILD_DIR}/${FRAMEWORKS_FOLDER_PATH}/GoogleUtilities.framework",
				"${TARGET_BUILD_DIR}/${FRAMEWORKS_FOLDER_PATH}/leveldb.framework",
				"${TARGET_BUILD_DIR}/${FRAMEWORKS_FOLDER_PATH}/nanopb.framework",
			);
			runOnlyForDeploymentPostprocessing = 0;
			shellPath = /bin/sh;
			shellScript = "\"${PODS_ROOT}/Target Support Files/Pods-Pinterest/Pods-Pinterest-frameworks.sh\"\n";
			showEnvVarsInLog = 0;
		};
		B199E756A93F741681A08040 /* [CP] Check Pods Manifest.lock */ = {
			isa = PBXShellScriptBuildPhase;
			buildActionMask = 2147483647;
			files = (
			);
			inputFileListPaths = (
			);
			inputPaths = (
				"${PODS_PODFILE_DIR_PATH}/Podfile.lock",
				"${PODS_ROOT}/Manifest.lock",
			);
			name = "[CP] Check Pods Manifest.lock";
			outputFileListPaths = (
			);
			outputPaths = (
				"$(DERIVED_FILE_DIR)/Pods-Pinterest-checkManifestLockResult.txt",
			);
			runOnlyForDeploymentPostprocessing = 0;
			shellPath = /bin/sh;
			shellScript = "diff \"${PODS_PODFILE_DIR_PATH}/Podfile.lock\" \"${PODS_ROOT}/Manifest.lock\" > /dev/null\nif [ $? != 0 ] ; then\n    # print error to STDERR\n    echo \"error: The sandbox is not in sync with the Podfile.lock. Run 'pod install' or update your CocoaPods installation.\" >&2\n    exit 1\nfi\n# This output is used by Xcode 'outputs' to avoid re-running this script phase.\necho \"SUCCESS\" > \"${SCRIPT_OUTPUT_FILE_0}\"\n";
			showEnvVarsInLog = 0;
		};
/* End PBXShellScriptBuildPhase section */

/* Begin PBXSourcesBuildPhase section */
		D036544B220D0B3C0070269C /* Sources */ = {
			isa = PBXSourcesBuildPhase;
			buildActionMask = 2147483647;
			files = (
				D01BC4C42228BF9B00E7FD6B /* Login.swift in Sources */,
				D0F3F1D2223202020061F3D6 /* Correo.swift in Sources */,
				D0BE06F62239F15E00115EB1 /* Usuario.swift in Sources */,
				D05750AF2260172400646A60 /* Extensiones.swift in Sources */,
				D05750AB22600C8F00646A60 /* CollectionViewSampleController.swift in Sources */,
				D0365455220D0B3D0070269C /* ViewController.swift in Sources */,
				D05750A92260051A00646A60 /* CollectionViewController.swift in Sources */,
				D0147B6E224874D3006C0BE6 /* SignIn.swift in Sources */,
				D0365453220D0B3D0070269C /* AppDelegate.swift in Sources */,
				D0F3F1D4223209160061F3D6 /* Contraseña.swift in Sources */,
			);
			runOnlyForDeploymentPostprocessing = 0;
		};
/* End PBXSourcesBuildPhase section */

/* Begin PBXVariantGroup section */
		D0365456220D0B3D0070269C /* Main.storyboard */ = {
			isa = PBXVariantGroup;
			children = (
				D0365457220D0B3D0070269C /* Base */,
			);
			name = Main.storyboard;
			sourceTree = "<group>";
		};
		D036545B220D0B3D0070269C /* LaunchScreen.storyboard */ = {
			isa = PBXVariantGroup;
			children = (
				D036545C220D0B3D0070269C /* Base */,
			);
			name = LaunchScreen.storyboard;
			sourceTree = "<group>";
		};
/* End PBXVariantGroup section */

/* Begin XCBuildConfiguration section */
		D036545F220D0B3D0070269C /* Debug */ = {
			isa = XCBuildConfiguration;
			buildSettings = {
				ALWAYS_SEARCH_USER_PATHS = NO;
				CLANG_ANALYZER_NONNULL = YES;
				CLANG_ANALYZER_NUMBER_OBJECT_CONVERSION = YES_AGGRESSIVE;
				CLANG_CXX_LANGUAGE_STANDARD = "gnu++14";
				CLANG_CXX_LIBRARY = "libc++";
				CLANG_ENABLE_MODULES = YES;
				CLANG_ENABLE_OBJC_ARC = YES;
				CLANG_ENABLE_OBJC_WEAK = YES;
				CLANG_WARN_BLOCK_CAPTURE_AUTORELEASING = YES;
				CLANG_WARN_BOOL_CONVERSION = YES;
				CLANG_WARN_COMMA = YES;
				CLANG_WARN_CONSTANT_CONVERSION = YES;
				CLANG_WARN_DEPRECATED_OBJC_IMPLEMENTATIONS = YES;
				CLANG_WARN_DIRECT_OBJC_ISA_USAGE = YES_ERROR;
				CLANG_WARN_DOCUMENTATION_COMMENTS = YES;
				CLANG_WARN_EMPTY_BODY = YES;
				CLANG_WARN_ENUM_CONVERSION = YES;
				CLANG_WARN_INFINITE_RECURSION = YES;
				CLANG_WARN_INT_CONVERSION = YES;
				CLANG_WARN_NON_LITERAL_NULL_CONVERSION = YES;
				CLANG_WARN_OBJC_IMPLICIT_RETAIN_SELF = YES;
				CLANG_WARN_OBJC_LITERAL_CONVERSION = YES;
				CLANG_WARN_OBJC_ROOT_CLASS = YES_ERROR;
				CLANG_WARN_RANGE_LOOP_ANALYSIS = YES;
				CLANG_WARN_STRICT_PROTOTYPES = YES;
				CLANG_WARN_SUSPICIOUS_MOVE = YES;
				CLANG_WARN_UNGUARDED_AVAILABILITY = YES_AGGRESSIVE;
				CLANG_WARN_UNREACHABLE_CODE = YES;
				CLANG_WARN__DUPLICATE_METHOD_MATCH = YES;
				CODE_SIGN_IDENTITY = "iPhone Developer";
				COPY_PHASE_STRIP = NO;
				DEBUG_INFORMATION_FORMAT = dwarf;
				ENABLE_STRICT_OBJC_MSGSEND = YES;
				ENABLE_TESTABILITY = YES;
				GCC_C_LANGUAGE_STANDARD = gnu11;
				GCC_DYNAMIC_NO_PIC = NO;
				GCC_NO_COMMON_BLOCKS = YES;
				GCC_OPTIMIZATION_LEVEL = 0;
				GCC_PREPROCESSOR_DEFINITIONS = (
					"DEBUG=1",
					"$(inherited)",
				);
				GCC_WARN_64_TO_32_BIT_CONVERSION = YES;
				GCC_WARN_ABOUT_RETURN_TYPE = YES_ERROR;
				GCC_WARN_UNDECLARED_SELECTOR = YES;
				GCC_WARN_UNINITIALIZED_AUTOS = YES_AGGRESSIVE;
				GCC_WARN_UNUSED_FUNCTION = YES;
				GCC_WARN_UNUSED_VARIABLE = YES;
				IPHONEOS_DEPLOYMENT_TARGET = 12.1;
				MTL_ENABLE_DEBUG_INFO = INCLUDE_SOURCE;
				MTL_FAST_MATH = YES;
				ONLY_ACTIVE_ARCH = YES;
				SDKROOT = iphoneos;
				SWIFT_ACTIVE_COMPILATION_CONDITIONS = DEBUG;
				SWIFT_OPTIMIZATION_LEVEL = "-Onone";
			};
			name = Debug;
		};
		D0365460220D0B3D0070269C /* Release */ = {
			isa = XCBuildConfiguration;
			buildSettings = {
				ALWAYS_SEARCH_USER_PATHS = NO;
				CLANG_ANALYZER_NONNULL = YES;
				CLANG_ANALYZER_NUMBER_OBJECT_CONVERSION = YES_AGGRESSIVE;
				CLANG_CXX_LANGUAGE_STANDARD = "gnu++14";
				CLANG_CXX_LIBRARY = "libc++";
				CLANG_ENABLE_MODULES = YES;
				CLANG_ENABLE_OBJC_ARC = YES;
				CLANG_ENABLE_OBJC_WEAK = YES;
				CLANG_WARN_BLOCK_CAPTURE_AUTORELEASING = YES;
				CLANG_WARN_BOOL_CONVERSION = YES;
				CLANG_WARN_COMMA = YES;
				CLANG_WARN_CONSTANT_CONVERSION = YES;
				CLANG_WARN_DEPRECATED_OBJC_IMPLEMENTATIONS = YES;
				CLANG_WARN_DIRECT_OBJC_ISA_USAGE = YES_ERROR;
				CLANG_WARN_DOCUMENTATION_COMMENTS = YES;
				CLANG_WARN_EMPTY_BODY = YES;
				CLANG_WARN_ENUM_CONVERSION = YES;
				CLANG_WARN_INFINITE_RECURSION = YES;
				CLANG_WARN_INT_CONVERSION = YES;
				CLANG_WARN_NON_LITERAL_NULL_CONVERSION = YES;
				CLANG_WARN_OBJC_IMPLICIT_RETAIN_SELF = YES;
				CLANG_WARN_OBJC_LITERAL_CONVERSION = YES;
				CLANG_WARN_OBJC_ROOT_CLASS = YES_ERROR;
				CLANG_WARN_RANGE_LOOP_ANALYSIS = YES;
				CLANG_WARN_STRICT_PROTOTYPES = YES;
				CLANG_WARN_SUSPICIOUS_MOVE = YES;
				CLANG_WARN_UNGUARDED_AVAILABILITY = YES_AGGRESSIVE;
				CLANG_WARN_UNREACHABLE_CODE = YES;
				CLANG_WARN__DUPLICATE_METHOD_MATCH = YES;
				CODE_SIGN_IDENTITY = "iPhone Developer";
				COPY_PHASE_STRIP = NO;
				DEBUG_INFORMATION_FORMAT = "dwarf-with-dsym";
				ENABLE_NS_ASSERTIONS = NO;
				ENABLE_STRICT_OBJC_MSGSEND = YES;
				GCC_C_LANGUAGE_STANDARD = gnu11;
				GCC_NO_COMMON_BLOCKS = YES;
				GCC_WARN_64_TO_32_BIT_CONVERSION = YES;
				GCC_WARN_ABOUT_RETURN_TYPE = YES_ERROR;
				GCC_WARN_UNDECLARED_SELECTOR = YES;
				GCC_WARN_UNINITIALIZED_AUTOS = YES_AGGRESSIVE;
				GCC_WARN_UNUSED_FUNCTION = YES;
				GCC_WARN_UNUSED_VARIABLE = YES;
				IPHONEOS_DEPLOYMENT_TARGET = 12.1;
				MTL_ENABLE_DEBUG_INFO = NO;
				MTL_FAST_MATH = YES;
				SDKROOT = iphoneos;
				SWIFT_COMPILATION_MODE = wholemodule;
				SWIFT_OPTIMIZATION_LEVEL = "-O";
				VALIDATE_PRODUCT = YES;
			};
			name = Release;
		};
		D0365462220D0B3D0070269C /* Debug */ = {
			isa = XCBuildConfiguration;
			baseConfigurationReference = BB17EB352B3F53B83DE2E17D /* Pods-Pinterest.debug.xcconfig */;
			buildSettings = {
				ASSETCATALOG_COMPILER_APPICON_NAME = AppIcon;
				CODE_SIGN_STYLE = Automatic;
				INFOPLIST_FILE = Pinterest/Info.plist;
				LD_RUNPATH_SEARCH_PATHS = (
					"$(inherited)",
					"@executable_path/Frameworks",
				);
				PRODUCT_BUNDLE_IDENTIFIER = AlejandroLG.Pinterest;
				PRODUCT_NAME = "$(TARGET_NAME)";
				SWIFT_VERSION = 4.2;
				TARGETED_DEVICE_FAMILY = "1,2";
			};
			name = Debug;
		};
		D0365463220D0B3D0070269C /* Release */ = {
			isa = XCBuildConfiguration;
			baseConfigurationReference = 556B9FC7582EF88210DD194F /* Pods-Pinterest.release.xcconfig */;
			buildSettings = {
				ASSETCATALOG_COMPILER_APPICON_NAME = AppIcon;
				CODE_SIGN_STYLE = Automatic;
				INFOPLIST_FILE = Pinterest/Info.plist;
				LD_RUNPATH_SEARCH_PATHS = (
					"$(inherited)",
					"@executable_path/Frameworks",
				);
				PRODUCT_BUNDLE_IDENTIFIER = AlejandroLG.Pinterest;
				PRODUCT_NAME = "$(TARGET_NAME)";
				SWIFT_VERSION = 4.2;
				TARGETED_DEVICE_FAMILY = "1,2";
			};
			name = Release;
		};
/* End XCBuildConfiguration section */

/* Begin XCConfigurationList section */
		D036544A220D0B3C0070269C /* Build configuration list for PBXProject "Pinterest" */ = {
			isa = XCConfigurationList;
			buildConfigurations = (
				D036545F220D0B3D0070269C /* Debug */,
				D0365460220D0B3D0070269C /* Release */,
			);
			defaultConfigurationIsVisible = 0;
			defaultConfigurationName = Release;
		};
		D0365461220D0B3D0070269C /* Build configuration list for PBXNativeTarget "Pinterest" */ = {
			isa = XCConfigurationList;
			buildConfigurations = (
				D0365462220D0B3D0070269C /* Debug */,
				D0365463220D0B3D0070269C /* Release */,
			);
			defaultConfigurationIsVisible = 0;
			defaultConfigurationName = Release;
		};
/* End XCConfigurationList section */
	};
	rootObject = D0365447220D0B3C0070269C /* Project object */;
}
